<?xml version="1.0" encoding="utf-8"?>
<Project ToolsVersion="4.0" xmlns="http://schemas.microsoft.com/developer/msbuild/2003">
  <ItemGroup>
    <Filter Include="Source Files">
      <UniqueIdentifier>{4FC737F1-C7A5-4376-A066-2A32D752A2FF}</UniqueIdentifier>
      <Extensions>cpp;c;cc;cxx;c++;cppm;ixx;def;odl;idl;hpj;bat;asm;asmx</Extensions>
    </Filter>
    <Filter Include="Header Files">
      <UniqueIdentifier>{93995380-89BD-4b04-88EB-625FBE52EBFB}</UniqueIdentifier>
      <Extensions>h;hh;hpp;hxx;h++;hm;inl;inc;ipp;xsd</Extensions>
    </Filter>
    <Filter Include="Resource Files">
      <UniqueIdentifier>{67DA6AB6-F800-4c08-8B7A-83BB121AAD01}</UniqueIdentifier>
      <Extensions>rc;ico;cur;bmp;dlg;rc2;rct;bin;rgs;gif;jpg;jpeg;jpe;resx;tiff;tif;png;wav;mfcribbon-ms</Extensions>
    </Filter>
    <Filter Include="Header Files\World">
      <UniqueIdentifier>{24906bca-7942-4fe8-936e-36ddfc84b9dc}</UniqueIdentifier>
    </Filter>
    <Filter Include="Header Files\GameStates">
      <UniqueIdentifier>{f5dd476d-047e-43e8-8e3b-6b49a196914e}</UniqueIdentifier>
    </Filter>
  </ItemGroup>
  <ItemGroup>
    <ClCompile Include="source.cpp">
      <Filter>Source Files</Filter>
    </ClCompile>
    <ClCompile Include="SHIZECODE.cpp">
      <Filter>Source Files</Filter>
    </ClCompile>
    <ClCompile Include="Game.cpp">
      <Filter>Source Files</Filter>
    </ClCompile>
    <ClCompile Include="Vector2.cpp">
      <Filter>Source Files</Filter>
    </ClCompile>
    <ClCompile Include="DialogueInteractable.cpp">
      <Filter>Source Files</Filter>
    </ClCompile>
    <ClCompile Include="Prop.cpp">
      <Filter>Source Files</Filter>
    </ClCompile>
    <ClCompile Include="Interactable.cpp">
      <Filter>Source Files</Filter>
    </ClCompile>
    <ClCompile Include="Screen.cpp">
      <Filter>Source Files</Filter>
    </ClCompile>
    <ClCompile Include="WorldEntity.cpp">
      <Filter>Source Files</Filter>
    </ClCompile>
    <ClCompile Include="WorldPlayer.cpp">
      <Filter>Source Files</Filter>
    </ClCompile>
    <ClCompile Include="GameState.cpp">
      <Filter>Source Files</Filter>
    </ClCompile>
    <ClCompile Include="GameStateWorld.cpp">
      <Filter>Source Files</Filter>
    </ClCompile>
    <ClCompile Include="GameStateBattle.cpp">
      <Filter>Source Files</Filter>
    </ClCompile>
    <ClCompile Include="PlayerStats.cpp">
      <Filter>Source Files</Filter>
    </ClCompile>
    <ClCompile Include="BattleData.cpp">
      <Filter>Source Files</Filter>
    </ClCompile>
    <ClCompile Include="EnemyData.cpp">
      <Filter>Source Files</Filter>
    </ClCompile>
    <ClCompile Include="GameData.cpp">
      <Filter>Source Files</Filter>
    </ClCompile>
    <ClCompile Include="Item.cpp">
      <Filter>Source Files</Filter>
    </ClCompile>
    <ClCompile Include="ItemUsage.cpp">
      <Filter>Source Files</Filter>
    </ClCompile>
    <ClCompile Include="NoteInteractable.cpp">
      <Filter>Source Files</Filter>
    </ClCompile>
    <ClCompile Include="VendingMachineInteractable.cpp">
      <Filter>Source Files</Filter>
    </ClCompile>
    <ClCompile Include="WorldMap.cpp">
      <Filter>Source Files</Filter>
    </ClCompile>
    <ClCompile Include="ButtonInteractable.cpp">
      <Filter>Source Files</Filter>
    </ClCompile>
    <ClCompile Include="ExitInteractable.cpp">
      <Filter>Source Files</Filter>
    </ClCompile>
    <ClCompile Include="GameStateEnd.cpp">
      <Filter>Source Files</Filter>
    </ClCompile>
    <ClCompile Include="AudioHandler.cpp">
      <Filter>Source Files</Filter>
    </ClCompile>
    <ClCompile Include="Intro.cpp">
      <Filter>Source Files</Filter>
    </ClCompile>
    <ClCompile Include="PickUpInteractable.cpp">
      <Filter>Source Files</Filter>
    </ClCompile>
    <ClCompile Include="WorldMapOthers.cpp">
      <Filter>Source Files</Filter>
    </ClCompile>
    <ClCompile Include="WorldMapBattles.cpp">
      <Filter>Source Files</Filter>
    </ClCompile>
    <ClCompile Include="WorldMapItemPickups.cpp">
      <Filter>Source Files</Filter>
    </ClCompile>
    <ClCompile Include="BattlePlayerAnimation.cpp">
      <Filter>Source Files</Filter>
    </ClCompile>
    <ClCompile Include="EnemyAnimationFrames.cpp">
      <Filter>Source Files</Filter>
    </ClCompile>
    <ClCompile Include="MusicHandler.cpp">
      <Filter>Source Files</Filter>
    </ClCompile>
  </ItemGroup>
  <ItemGroup>
    <ClInclude Include="Game.h">
      <Filter>Header Files</Filter>
    </ClInclude>
    <ClInclude Include="Vector2.h">
      <Filter>Header Files</Filter>
    </ClInclude>
    <ClInclude Include="Screen.h">
      <Filter>Header Files</Filter>
    </ClInclude>
    <ClInclude Include="WorldEntity.h">
      <Filter>Header Files\World</Filter>
    </ClInclude>
    <ClInclude Include="WorldPlayer.h">
      <Filter>Header Files\World</Filter>
    </ClInclude>
    <ClInclude Include="Prop.h">
      <Filter>Header Files\World</Filter>
    </ClInclude>
    <ClInclude Include="Interactable.h">
      <Filter>Header Files\World</Filter>
    </ClInclude>
    <ClInclude Include="DialogueInteractable.h">
      <Filter>Header Files\World</Filter>
    </ClInclude>
    <ClInclude Include="GameState.h">
      <Filter>Header Files\GameStates</Filter>
    </ClInclude>
    <ClInclude Include="GameStateWorld.h">
      <Filter>Header Files\GameStates</Filter>
    </ClInclude>
    <ClInclude Include="GameStateBattle.h">
      <Filter>Header Files\GameStates</Filter>
    </ClInclude>
    <ClInclude Include="PlayerStats.h">
      <Filter>Header Files</Filter>
    </ClInclude>
    <ClInclude Include="BattleData.h">
      <Filter>Header Files</Filter>
    </ClInclude>
    <ClInclude Include="EnemyData.h">
      <Filter>Header Files</Filter>
    </ClInclude>
    <ClInclude Include="GameData.h">
      <Filter>Header Files</Filter>
    </ClInclude>
    <ClInclude Include="GAMESTATEVALUE.h">
      <Filter>Header Files</Filter>
    </ClInclude>
    <ClInclude Include="Item.h">
      <Filter>Header Files</Filter>
    </ClInclude>
    <ClInclude Include="ItemUsage.h">
      <Filter>Header Files</Filter>
    </ClInclude>
    <ClInclude Include="NoteInteractable.h">
      <Filter>Header Files</Filter>
    </ClInclude>
    <ClInclude Include="VendingMachineInteractable.h">
      <Filter>Header Files</Filter>
    </ClInclude>
    <ClInclude Include="ButtonInteractable.h">
      <Filter>Header Files</Filter>
    </ClInclude>
    <ClInclude Include="ExitInteractable.h">
      <Filter>Header Files</Filter>
    </ClInclude>
    <ClInclude Include="GameStateEnd.h">
      <Filter>Header Files\GameStates</Filter>
    </ClInclude>
    <ClInclude Include="AudioHandler.h">
      <Filter>Header Files</Filter>
    </ClInclude>
    <ClInclude Include="Intro.h">
      <Filter>Header Files</Filter>
    </ClInclude>
    <ClInclude Include="PickUpInteractable.h">
      <Filter>Header Files</Filter>
    </ClInclude>
    <ClInclude Include="MusicHandler.h">
      <Filter>Header Files</Filter>
    </ClInclude>
  </ItemGroup>
</Project>